{
    "name": "lee-study",
    "lockfileVersion": 2,
    "requires": true,
    "packages": {
        "": {
            "dependencies": {
                "@vant/weapp": "^1.10.0",
                "animate.css": "^4.1.1"
            }
        },
        "node_modules/@vant/weapp": {
            "version": "1.10.0",
            "resolved": "https://registry.npmjs.org/@vant/weapp/-/weapp-1.10.0.tgz",
            "integrity": "sha512-cNW2U98GlYwh8t4loEASyvukITlPohJM9HkAF8/dRSJrKm2689nqE8eeASFkWADdhqayGvy08cWoJhqMNh6ZXA==",
            "license": "MIT"
        },
        "node_modules/animate.css": {
            "version": "4.1.1",
            "resolved": "https://registry.npmmirror.com/animate.css/-/animate.css-4.1.1.tgz",
            "integrity": "sha512-+mRmCTv6SbCmtYJCN4faJMNFVNN5EuCTTprDTAo7YzIGji2KADmakjVA3+8mVDkZ2Bf09vayB35lSQIex2+QaQ=="
        }
    },
    "dependencies": {
        "@vant/weapp": {
            "version": "1.10.0",
            "resolved": "https://registry.npmjs.org/@vant/weapp/-/weapp-1.10.0.tgz",
            "integrity": "sha512-cNW2U98GlYwh8t4loEASyvukITlPohJM9HkAF8/dRSJrKm2689nqE8eeASFkWADdhqayGvy08cWoJhqMNh6ZXA=="
        },
        "animate.css": {
            "version": "4.1.1",
            "resolved": "https://registry.npmmirror.com/animate.css/-/animate.css-4.1.1.tgz",
            "integrity": "sha512-+mRmCTv6SbCmtYJCN4faJMNFVNN5EuCTTprDTAo7YzIGji2KADmakjVA3+8mVDkZ2Bf09vayB35lSQIex2+QaQ=="
        }
    }
}
