# THIS IS AN AUTOGENERATED FILE. DO NOT EDIT THIS FILE DIRECTLY.
# yarn lockfile v1


"@vant/weapp@^1.10.0":
  "integrity" "sha512-cNW2U98GlYwh8t4loEASyvukITlPohJM9HkAF8/dRSJrKm2689nqE8eeASFkWADdhqayGvy08cWoJhqMNh6ZXA=="
  "resolved" "https://registry.npmjs.org/@vant/weapp/-/weapp-1.10.0.tgz"
  "version" "1.10.0"
